
Microsoft Visual Studio Solution File, Format Version 12.00
Project("{FAE04EC0-301F-11D3-BF4B-00C04F79EFBC}") = "Jr. NBA League Romania", "Jr. NBA League Romania\Jr. NBA League Romania.csproj", "{8404B5A0-A2D3-462D-8F1D-19198C91AAE3}"
EndProject
Project("{FAE04EC0-301F-11D3-BF4B-00C04F79EFBC}") = "Jr. NBA League Romania.Tests", "Jr. NBA League Romania.Tests\Jr. NBA League Romania.Tests.csproj", "{652C6ED3-5B8C-4F6C-9E15-37073513E097}"
EndProject
Global
	GlobalSection(SolutionConfigurationPlatforms) = preSolution
		Debug|Any CPU = Debug|Any CPU
		Release|Any CPU = Release|Any CPU
	EndGlobalSection
	GlobalSection(ProjectConfigurationPlatforms) = postSolution
		{8404B5A0-A2D3-462D-8F1D-19198C91AAE3}.Debug|Any CPU.ActiveCfg = Debug|Any CPU
		{8404B5A0-A2D3-462D-8F1D-19198C91AAE3}.Debug|Any CPU.Build.0 = Debug|Any CPU
		{8404B5A0-A2D3-462D-8F1D-19198C91AAE3}.Release|Any CPU.ActiveCfg = Release|Any CPU
		{8404B5A0-A2D3-462D-8F1D-19198C91AAE3}.Release|Any CPU.Build.0 = Release|Any CPU
		{652C6ED3-5B8C-4F6C-9E15-37073513E097}.Debug|Any CPU.ActiveCfg = Debug|Any CPU
		{652C6ED3-5B8C-4F6C-9E15-37073513E097}.Debug|Any CPU.Build.0 = Debug|Any CPU
		{652C6ED3-5B8C-4F6C-9E15-37073513E097}.Release|Any CPU.ActiveCfg = Release|Any CPU
		{652C6ED3-5B8C-4F6C-9E15-37073513E097}.Release|Any CPU.Build.0 = Release|Any CPU
	EndGlobalSection
EndGlobal
